
Microsoft Visual Studio Solution File, Format Version 12.00
# Visual Studio Version 17
VisualStudioVersion = 17.0.31903.59
MinimumVisualStudioVersion = 10.0.40219.1
Project("{2150E333-8FDC-42A3-9474-1A3956D46DE8}") = "src", "src", "{827E0CD3-B72D-47B6-A68D-7590B98EB39B}"
EndProject
Project("{2150E333-8FDC-42A3-9474-1A3956D46DE8}") = "Tenancy", "Tenancy", "{EA34EAA3-1319-61EE-61A0-DEA68DFE8677}"
EndProject
Project("{FAE04EC0-301F-11D3-BF4B-00C04F79EFBC}") = "Tenancy.Core", "src\Tenancy\Tenancy.Core\Tenancy.Core.csproj", "{CABABDE8-DB4E-4D02-A468-124C8E7E6A66}"
EndProject
Project("{2150E333-8FDC-42A3-9474-1A3956D46DE8}") = "tests", "tests", "{0AB3BF05-4346-4AA6-1389-037BE0695223}"
EndProject
Project("{2150E333-8FDC-42A3-9474-1A3956D46DE8}") = "Tenancy", "Tenancy", "{32C05375-04E3-B56E-4B57-527092BBB32D}"
EndProject
Project("{FAE04EC0-301F-11D3-BF4B-00C04F79EFBC}") = "Tenancy.Core.Tests", "tests\Tenancy\Tenancy.Core.Tests\Tenancy.Core.Tests.csproj", "{1456AF29-D51A-48D2-AFE0-B24B9AE7DB8E}"
EndProject
Project("{FAE04EC0-301F-11D3-BF4B-00C04F79EFBC}") = "Tenancy.Store", "src\Tenancy\Tenancy.Store\Tenancy.Store.csproj", "{816D80D4-FBC6-4096-BA08-9B2944613B44}"
EndProject
Project("{FAE04EC0-301F-11D3-BF4B-00C04F79EFBC}") = "Tenancy.Store.Tests", "tests\Tenancy\Tenancy.Store.Tests\Tenancy.Store.Tests.csproj", "{5C6CC8D5-3885-4F5A-B203-CA941B93DC1E}"
EndProject
Project("{FAE04EC0-301F-11D3-BF4B-00C04F79EFBC}") = "Tenancy.Infrastructure", "src\Tenancy\Tenancy.Infrastructure\Tenancy.Infrastructure.csproj", "{17F689AD-FC1F-4E24-BCA0-F267AE5C53DB}"
EndProject
Project("{FAE04EC0-301F-11D3-BF4B-00C04F79EFBC}") = "Tenancy.Infrastructure.Tests", "tests\Tenancy\Tenancy.Infrastructure.Tests\Tenancy.Infrastructure.Tests.csproj", "{6E517A7F-AAA5-4D44-B15D-262DB4C438FE}"
EndProject
Project("{FAE04EC0-301F-11D3-BF4B-00C04F79EFBC}") = "Tenancy.WebApi", "src\Tenancy\Tenancy.WebApi\Tenancy.WebApi.csproj", "{EAF19ED2-7510-4308-9B36-A15F40A95D89}"
EndProject
Project("{FAE04EC0-301F-11D3-BF4B-00C04F79EFBC}") = "Tenancy.WebApi.Tests", "tests\Tenancy\Tenancy.WebApi.Tests\Tenancy.WebApi.Tests.csproj", "{79A866DF-7933-4463-B78C-CAC4160EA9FA}"
EndProject
Project("{FAE04EC0-301F-11D3-BF4B-00C04F79EFBC}") = "Tenancy.Domain", "src\Tenancy\Tenancy.Domain\Tenancy.Domain.csproj", "{32FC2F29-F3AE-48B1-99B8-A7BC8B399DAD}"
EndProject
Project("{FAE04EC0-301F-11D3-BF4B-00C04F79EFBC}") = "Tenancy.Domain.Tests", "tests\Tenancy\Tenancy.Domain.Tests\Tenancy.Domain.Tests.csproj", "{BF21487E-2F9E-41B7-BF15-5C7E44D381DF}"
EndProject
Project("{FAE04EC0-301F-11D3-BF4B-00C04F79EFBC}") = "Tenancy.Actors.Abstractions", "src\Tenancy\Tenancy.Actors.Abstractions\Tenancy.Actors.Abstractions.csproj", "{46AD4A8E-1D1B-4481-A22B-57E3464F3D12}"
EndProject
Project("{FAE04EC0-301F-11D3-BF4B-00C04F79EFBC}") = "Tenancy.Actors.Abstractions.Tests", "tests\Tenancy\Tenancy.Actors.Abstractions.Tests\Tenancy.Actors.Abstractions.Tests.csproj", "{ECDEA68E-1171-4CF8-885D-28BC2FB7986A}"
EndProject
Project("{FAE04EC0-301F-11D3-BF4B-00C04F79EFBC}") = "Tenancy.Actors", "src\Tenancy\Tenancy.Actors\Tenancy.Actors.csproj", "{FF18FB70-10D3-4A1B-9D8C-9011E3E11F42}"
EndProject
Project("{FAE04EC0-301F-11D3-BF4B-00C04F79EFBC}") = "Tenancy.Actors.Tests", "tests\Tenancy\Tenancy.Actors.Tests\Tenancy.Actors.Tests.csproj", "{C4611262-0479-4985-BB7A-43892C62ABB7}"
EndProject
Project("{2150E333-8FDC-42A3-9474-1A3956D46DE8}") = "Identity", "Identity", "{65ABFB5D-2B10-DF64-BF12-C17976F8E5D9}"
EndProject
Project("{FAE04EC0-301F-11D3-BF4B-00C04F79EFBC}") = "Identity.Core", "src\Identity\Identity.Core\Identity.Core.csproj", "{7F05D597-A31A-4944-83B7-606004C26C17}"
EndProject
Project("{2150E333-8FDC-42A3-9474-1A3956D46DE8}") = "Identity", "Identity", "{391CE2F5-AE47-7A9A-F474-4847BE99435E}"
EndProject
Project("{FAE04EC0-301F-11D3-BF4B-00C04F79EFBC}") = "Identity.Core.Tests", "tests\Identity\Identity.Core.Tests\Identity.Core.Tests.csproj", "{5AC3C93B-4D90-4186-8CC2-317E96CCBDFC}"
EndProject
Project("{FAE04EC0-301F-11D3-BF4B-00C04F79EFBC}") = "Identity.Store", "src\Identity\Identity.Store\Identity.Store.csproj", "{39385724-19FC-45B7-9280-B6C951B1CFDA}"
EndProject
Project("{FAE04EC0-301F-11D3-BF4B-00C04F79EFBC}") = "Identity.Store.Tests", "tests\Identity\Identity.Store.Tests\Identity.Store.Tests.csproj", "{2698B0DF-ED0E-4F28-82A6-BEBC90DB1DC1}"
EndProject
Project("{FAE04EC0-301F-11D3-BF4B-00C04F79EFBC}") = "Identity.Infrastructure", "src\Identity\Identity.Infrastructure\Identity.Infrastructure.csproj", "{29F770E2-FFDE-4FE8-B61E-C576C9516A24}"
EndProject
Project("{FAE04EC0-301F-11D3-BF4B-00C04F79EFBC}") = "Identity.Infrastructure.Tests", "tests\Identity\Identity.Infrastructure.Tests\Identity.Infrastructure.Tests.csproj", "{716FB4BF-193C-4042-A8A2-0016B9D98A73}"
EndProject
Project("{FAE04EC0-301F-11D3-BF4B-00C04F79EFBC}") = "Identity.WebApi", "src\Identity\Identity.WebApi\Identity.WebApi.csproj", "{DB1192BE-D623-45E7-9C1B-14E557DE2E90}"
EndProject
Project("{FAE04EC0-301F-11D3-BF4B-00C04F79EFBC}") = "Identity.WebApi.Tests", "tests\Identity\Identity.WebApi.Tests\Identity.WebApi.Tests.csproj", "{37F98893-D643-4F5D-BAEC-325A3079A105}"
EndProject
Project("{FAE04EC0-301F-11D3-BF4B-00C04F79EFBC}") = "Identity.Domain", "src\Identity\Identity.Domain\Identity.Domain.csproj", "{20CDEF50-9BF2-456D-A523-D441B30EA0CA}"
EndProject
Project("{FAE04EC0-301F-11D3-BF4B-00C04F79EFBC}") = "Identity.Domain.Tests", "tests\Identity\Identity.Domain.Tests\Identity.Domain.Tests.csproj", "{A2CDF09A-D1F9-42AF-AE9D-E97A090DD50A}"
EndProject
Project("{FAE04EC0-301F-11D3-BF4B-00C04F79EFBC}") = "Identity.Actors.Abstractions", "src\Identity\Identity.Actors.Abstractions\Identity.Actors.Abstractions.csproj", "{7F31AC8A-EC63-487F-A69B-1870F12E2CD4}"
EndProject
Project("{FAE04EC0-301F-11D3-BF4B-00C04F79EFBC}") = "Identity.Actors.Abstractions.Tests", "tests\Identity\Identity.Actors.Abstractions.Tests\Identity.Actors.Abstractions.Tests.csproj", "{BB084B49-AE0B-4E9D-B8C9-56397C6F0A63}"
EndProject
Project("{FAE04EC0-301F-11D3-BF4B-00C04F79EFBC}") = "Identity.Actors", "src\Identity\Identity.Actors\Identity.Actors.csproj", "{542C78C2-9FF5-4967-B62B-A8E9314A87F9}"
EndProject
Project("{FAE04EC0-301F-11D3-BF4B-00C04F79EFBC}") = "Identity.Actors.Tests", "tests\Identity\Identity.Actors.Tests\Identity.Actors.Tests.csproj", "{6315BFCD-35C3-45CB-8AE5-BF7C64CA0E86}"
EndProject
Project("{FAE04EC0-301F-11D3-BF4B-00C04F79EFBC}") = "Tenancy.Architecture.Tests", "tests\Tenancy\Tenancy.Architecture.Tests\Tenancy.Architecture.Tests.csproj", "{9AB057C2-C0B2-4E9A-A027-4B6498F66EAA}"
EndProject
Project("{FAE04EC0-301F-11D3-BF4B-00C04F79EFBC}") = "Identity.Architecture.Tests", "tests\Identity\Identity.Architecture.Tests\Identity.Architecture.Tests.csproj", "{44B51ED2-224A-4F85-9ABC-4562F00515BF}"
EndProject
Project("{2150E333-8FDC-42A3-9474-1A3956D46DE8}") = "Solution Items", "Solution Items", "{D120E321-8FDC-42A3-9474-1A3956D46DE8}"
	ProjectSection(SolutionItems) = preProject
		README.md = README.md
		CHANGELOG.md = CHANGELOG.md
		Directory.Packages.props = Directory.Packages.props
		Directory.Build.props = Directory.Build.props
	EndProjectSection
EndProject
Project("{FAE04EC0-301F-11D3-BF4B-00C04F79EFBC}") = "WebApi", "src\WebApi\WebApi.csproj", "{44C0A6ED-9C4F-4BB5-9474-8750C63823FD}"
EndProject
Project("{2150E333-8FDC-42A3-9474-1A3956D46DE8}") = "WebApi", "WebApi", "{75A6480C-84DC-2A85-DA3C-882CA7014C23}"
EndProject
Project("{FAE04EC0-301F-11D3-BF4B-00C04F79EFBC}") = "WebApi.Tests", "tests\WebApi\WebApi.Tests\WebApi.Tests.csproj", "{A633EE5A-3ABE-448C-A9DE-212DCC23B8A9}"
EndProject
Project("{FAE04EC0-301F-11D3-BF4B-00C04F79EFBC}") = "WebApi.IntegrationTests", "tests\WebApi\WebApi.IntegrationTests\WebApi.IntegrationTests.csproj", "{9CD0FC03-33E8-4AE1-AFD9-A4C7B51F76B6}"
EndProject
Project("{2150E333-8FDC-42A3-9474-1A3956D46DE8}") = "Common", "Common", "{BFF2DF6E-AA54-47C7-211F-79ACCBB4577C}"
EndProject
Project("{2150E333-8FDC-42A3-9474-1A3956D46DE8}") = "MultiTenant", "MultiTenant", "{D1076A8B-A35F-13E5-6100-1F9621328DB0}"
EndProject
Project("{FAE04EC0-301F-11D3-BF4B-00C04F79EFBC}") = "MultiTenant.Abstractions", "src\Common\MultiTenant\MultiTenant.Abstractions\MultiTenant.Abstractions.csproj", "{171D2FD4-8C3E-40B1-8D98-C32C8A11C250}"
EndProject
Project("{FAE04EC0-301F-11D3-BF4B-00C04F79EFBC}") = "MultiTenant.Http.Extensions", "src\Common\MultiTenant\MultiTenant.Http.Extensions\MultiTenant.Http.Extensions.csproj", "{917C8096-7D9D-4A1F-8E3B-E3D944D02AE4}"
EndProject
Project("{2150E333-8FDC-42A3-9474-1A3956D46DE8}") = "Common", "Common", "{E20385C6-4CD7-5BF4-C007-71E5EE00BC8D}"
EndProject
Project("{2150E333-8FDC-42A3-9474-1A3956D46DE8}") = "MultiTenant", "MultiTenant", "{398AF948-3C77-A00B-6B91-520D4224599D}"
EndProject
Project("{FAE04EC0-301F-11D3-BF4B-00C04F79EFBC}") = "MultiTenant.Abstractions.Tests", "tests\Common\MultiTenant\MultiTenant.Abstractions.Tests\MultiTenant.Abstractions.Tests.csproj", "{61D73973-5E65-4B4A-8135-CD8A09727C16}"
EndProject
Project("{FAE04EC0-301F-11D3-BF4B-00C04F79EFBC}") = "MultiTenant.Http.Extensions.Tests", "tests\Common\MultiTenant\MultiTenant.Http.Extensions.Tests\MultiTenant.Http.Extensions.Tests.csproj", "{F5EA9606-0B18-4B8F-A932-3BD9F2DF59B1}"
EndProject
Project("{2150E333-8FDC-42A3-9474-1A3956D46DE8}") = "Telemetry", "Telemetry", "{DDDA8038-505C-6FE8-1B51-0C0B8ABA118A}"
EndProject
Project("{FAE04EC0-301F-11D3-BF4B-00C04F79EFBC}") = "Telemetry.Abstractions", "src\Common\Telemetry\Telemetry.Abstractions\Telemetry.Abstractions.csproj", "{364A519F-96FB-4114-A807-9E430D71230A}"
EndProject
Project("{2150E333-8FDC-42A3-9474-1A3956D46DE8}") = "Authentication", "Authentication", "{B9A4A0C8-58EA-7518-88AD-A703119AC915}"
EndProject
Project("{FAE04EC0-301F-11D3-BF4B-00C04F79EFBC}") = "Authentication.Http.Extensions.Tests", "tests\Common\Authentication\Authentication.Http.Extensions.Tests\Authentication.Http.Extensions.Tests.csproj", "{F99A0B38-119E-42E3-8712-AEB577AAE4AC}"
EndProject
Project("{FAE04EC0-301F-11D3-BF4B-00C04F79EFBC}") = "Authentication.Auth0.Tests", "tests\Common\Authentication\Authentication.Auth0.Tests\Authentication.Auth0.Tests.csproj", "{848EA26D-5C98-44EE-812B-4CB623BF2B51}"
EndProject
Project("{2150E333-8FDC-42A3-9474-1A3956D46DE8}") = "Authentication", "Authentication", "{2B337015-A363-9F0B-4644-8F76361DBB28}"
EndProject
Project("{FAE04EC0-301F-11D3-BF4B-00C04F79EFBC}") = "Authentication.Abstractions", "src\Common\Authentication\Authentication.Abstractions\Authentication.Abstractions.csproj", "{E4721CF5-167E-4791-8939-047841FE8EA5}"
EndProject
Project("{FAE04EC0-301F-11D3-BF4B-00C04F79EFBC}") = "Authentication.Auth0", "src\Common\Authentication\Authentication.Auth0\Authentication.Auth0.csproj", "{497DB0A5-42E2-4CC8-B922-A6FF0E3EE6D4}"
EndProject
Project("{FAE04EC0-301F-11D3-BF4B-00C04F79EFBC}") = "Authentication.Http.Extensions", "src\Common\Authentication\Authentication.Http.Extensions\Authentication.Http.Extensions.csproj", "{7304B353-A248-4A31-8ACF-4AABDC54985F}"
EndProject
Global
	GlobalSection(SolutionConfigurationPlatforms) = preSolution
		Debug|Any CPU = Debug|Any CPU
		Debug|x64 = Debug|x64
		Debug|x86 = Debug|x86
		Release|Any CPU = Release|Any CPU
		Release|x64 = Release|x64
		Release|x86 = Release|x86
	EndGlobalSection
	GlobalSection(ProjectConfigurationPlatforms) = postSolution
		{CABABDE8-DB4E-4D02-A468-124C8E7E6A66}.Debug|Any CPU.ActiveCfg = Debug|Any CPU
		{CABABDE8-DB4E-4D02-A468-124C8E7E6A66}.Debug|Any CPU.Build.0 = Debug|Any CPU
		{CABABDE8-DB4E-4D02-A468-124C8E7E6A66}.Debug|x64.ActiveCfg = Debug|Any CPU
		{CABABDE8-DB4E-4D02-A468-124C8E7E6A66}.Debug|x64.Build.0 = Debug|Any CPU
		{CABABDE8-DB4E-4D02-A468-124C8E7E6A66}.Debug|x86.ActiveCfg = Debug|Any CPU
		{CABABDE8-DB4E-4D02-A468-124C8E7E6A66}.Debug|x86.Build.0 = Debug|Any CPU
		{CABABDE8-DB4E-4D02-A468-124C8E7E6A66}.Release|Any CPU.ActiveCfg = Release|Any CPU
		{CABABDE8-DB4E-4D02-A468-124C8E7E6A66}.Release|Any CPU.Build.0 = Release|Any CPU
		{CABABDE8-DB4E-4D02-A468-124C8E7E6A66}.Release|x64.ActiveCfg = Release|Any CPU
		{CABABDE8-DB4E-4D02-A468-124C8E7E6A66}.Release|x64.Build.0 = Release|Any CPU
		{CABABDE8-DB4E-4D02-A468-124C8E7E6A66}.Release|x86.ActiveCfg = Release|Any CPU
		{CABABDE8-DB4E-4D02-A468-124C8E7E6A66}.Release|x86.Build.0 = Release|Any CPU
		{1456AF29-D51A-48D2-AFE0-B24B9AE7DB8E}.Debug|Any CPU.ActiveCfg = Debug|Any CPU
		{1456AF29-D51A-48D2-AFE0-B24B9AE7DB8E}.Debug|Any CPU.Build.0 = Debug|Any CPU
		{1456AF29-D51A-48D2-AFE0-B24B9AE7DB8E}.Debug|x64.ActiveCfg = Debug|Any CPU
		{1456AF29-D51A-48D2-AFE0-B24B9AE7DB8E}.Debug|x64.Build.0 = Debug|Any CPU
		{1456AF29-D51A-48D2-AFE0-B24B9AE7DB8E}.Debug|x86.ActiveCfg = Debug|Any CPU
		{1456AF29-D51A-48D2-AFE0-B24B9AE7DB8E}.Debug|x86.Build.0 = Debug|Any CPU
		{1456AF29-D51A-48D2-AFE0-B24B9AE7DB8E}.Release|Any CPU.ActiveCfg = Release|Any CPU
		{1456AF29-D51A-48D2-AFE0-B24B9AE7DB8E}.Release|Any CPU.Build.0 = Release|Any CPU
		{1456AF29-D51A-48D2-AFE0-B24B9AE7DB8E}.Release|x64.ActiveCfg = Release|Any CPU
		{1456AF29-D51A-48D2-AFE0-B24B9AE7DB8E}.Release|x64.Build.0 = Release|Any CPU
		{1456AF29-D51A-48D2-AFE0-B24B9AE7DB8E}.Release|x86.ActiveCfg = Release|Any CPU
		{1456AF29-D51A-48D2-AFE0-B24B9AE7DB8E}.Release|x86.Build.0 = Release|Any CPU
		{816D80D4-FBC6-4096-BA08-9B2944613B44}.Debug|Any CPU.ActiveCfg = Debug|Any CPU
		{816D80D4-FBC6-4096-BA08-9B2944613B44}.Debug|Any CPU.Build.0 = Debug|Any CPU
		{816D80D4-FBC6-4096-BA08-9B2944613B44}.Debug|x64.ActiveCfg = Debug|Any CPU
		{816D80D4-FBC6-4096-BA08-9B2944613B44}.Debug|x64.Build.0 = Debug|Any CPU
		{816D80D4-FBC6-4096-BA08-9B2944613B44}.Debug|x86.ActiveCfg = Debug|Any CPU
		{816D80D4-FBC6-4096-BA08-9B2944613B44}.Debug|x86.Build.0 = Debug|Any CPU
		{816D80D4-FBC6-4096-BA08-9B2944613B44}.Release|Any CPU.ActiveCfg = Release|Any CPU
		{816D80D4-FBC6-4096-BA08-9B2944613B44}.Release|Any CPU.Build.0 = Release|Any CPU
		{816D80D4-FBC6-4096-BA08-9B2944613B44}.Release|x64.ActiveCfg = Release|Any CPU
		{816D80D4-FBC6-4096-BA08-9B2944613B44}.Release|x64.Build.0 = Release|Any CPU
		{816D80D4-FBC6-4096-BA08-9B2944613B44}.Release|x86.ActiveCfg = Release|Any CPU
		{816D80D4-FBC6-4096-BA08-9B2944613B44}.Release|x86.Build.0 = Release|Any CPU
		{5C6CC8D5-3885-4F5A-B203-CA941B93DC1E}.Debug|Any CPU.ActiveCfg = Debug|Any CPU
		{5C6CC8D5-3885-4F5A-B203-CA941B93DC1E}.Debug|Any CPU.Build.0 = Debug|Any CPU
		{5C6CC8D5-3885-4F5A-B203-CA941B93DC1E}.Debug|x64.ActiveCfg = Debug|Any CPU
		{5C6CC8D5-3885-4F5A-B203-CA941B93DC1E}.Debug|x64.Build.0 = Debug|Any CPU
		{5C6CC8D5-3885-4F5A-B203-CA941B93DC1E}.Debug|x86.ActiveCfg = Debug|Any CPU
		{5C6CC8D5-3885-4F5A-B203-CA941B93DC1E}.Debug|x86.Build.0 = Debug|Any CPU
		{5C6CC8D5-3885-4F5A-B203-CA941B93DC1E}.Release|Any CPU.ActiveCfg = Release|Any CPU
		{5C6CC8D5-3885-4F5A-B203-CA941B93DC1E}.Release|Any CPU.Build.0 = Release|Any CPU
		{5C6CC8D5-3885-4F5A-B203-CA941B93DC1E}.Release|x64.ActiveCfg = Release|Any CPU
		{5C6CC8D5-3885-4F5A-B203-CA941B93DC1E}.Release|x64.Build.0 = Release|Any CPU
		{5C6CC8D5-3885-4F5A-B203-CA941B93DC1E}.Release|x86.ActiveCfg = Release|Any CPU
		{5C6CC8D5-3885-4F5A-B203-CA941B93DC1E}.Release|x86.Build.0 = Release|Any CPU
		{17F689AD-FC1F-4E24-BCA0-F267AE5C53DB}.Debug|Any CPU.ActiveCfg = Debug|Any CPU
		{17F689AD-FC1F-4E24-BCA0-F267AE5C53DB}.Debug|Any CPU.Build.0 = Debug|Any CPU
		{17F689AD-FC1F-4E24-BCA0-F267AE5C53DB}.Debug|x64.ActiveCfg = Debug|Any CPU
		{17F689AD-FC1F-4E24-BCA0-F267AE5C53DB}.Debug|x64.Build.0 = Debug|Any CPU
		{17F689AD-FC1F-4E24-BCA0-F267AE5C53DB}.Debug|x86.ActiveCfg = Debug|Any CPU
		{17F689AD-FC1F-4E24-BCA0-F267AE5C53DB}.Debug|x86.Build.0 = Debug|Any CPU
		{17F689AD-FC1F-4E24-BCA0-F267AE5C53DB}.Release|Any CPU.ActiveCfg = Release|Any CPU
		{17F689AD-FC1F-4E24-BCA0-F267AE5C53DB}.Release|Any CPU.Build.0 = Release|Any CPU
		{17F689AD-FC1F-4E24-BCA0-F267AE5C53DB}.Release|x64.ActiveCfg = Release|Any CPU
		{17F689AD-FC1F-4E24-BCA0-F267AE5C53DB}.Release|x64.Build.0 = Release|Any CPU
		{17F689AD-FC1F-4E24-BCA0-F267AE5C53DB}.Release|x86.ActiveCfg = Release|Any CPU
		{17F689AD-FC1F-4E24-BCA0-F267AE5C53DB}.Release|x86.Build.0 = Release|Any CPU
		{6E517A7F-AAA5-4D44-B15D-262DB4C438FE}.Debug|Any CPU.ActiveCfg = Debug|Any CPU
		{6E517A7F-AAA5-4D44-B15D-262DB4C438FE}.Debug|Any CPU.Build.0 = Debug|Any CPU
		{6E517A7F-AAA5-4D44-B15D-262DB4C438FE}.Debug|x64.ActiveCfg = Debug|Any CPU
		{6E517A7F-AAA5-4D44-B15D-262DB4C438FE}.Debug|x64.Build.0 = Debug|Any CPU
		{6E517A7F-AAA5-4D44-B15D-262DB4C438FE}.Debug|x86.ActiveCfg = Debug|Any CPU
		{6E517A7F-AAA5-4D44-B15D-262DB4C438FE}.Debug|x86.Build.0 = Debug|Any CPU
		{6E517A7F-AAA5-4D44-B15D-262DB4C438FE}.Release|Any CPU.ActiveCfg = Release|Any CPU
		{6E517A7F-AAA5-4D44-B15D-262DB4C438FE}.Release|Any CPU.Build.0 = Release|Any CPU
		{6E517A7F-AAA5-4D44-B15D-262DB4C438FE}.Release|x64.ActiveCfg = Release|Any CPU
		{6E517A7F-AAA5-4D44-B15D-262DB4C438FE}.Release|x64.Build.0 = Release|Any CPU
		{6E517A7F-AAA5-4D44-B15D-262DB4C438FE}.Release|x86.ActiveCfg = Release|Any CPU
		{6E517A7F-AAA5-4D44-B15D-262DB4C438FE}.Release|x86.Build.0 = Release|Any CPU
		{EAF19ED2-7510-4308-9B36-A15F40A95D89}.Debug|Any CPU.ActiveCfg = Debug|Any CPU
		{EAF19ED2-7510-4308-9B36-A15F40A95D89}.Debug|Any CPU.Build.0 = Debug|Any CPU
		{EAF19ED2-7510-4308-9B36-A15F40A95D89}.Debug|x64.ActiveCfg = Debug|Any CPU
		{EAF19ED2-7510-4308-9B36-A15F40A95D89}.Debug|x64.Build.0 = Debug|Any CPU
		{EAF19ED2-7510-4308-9B36-A15F40A95D89}.Debug|x86.ActiveCfg = Debug|Any CPU
		{EAF19ED2-7510-4308-9B36-A15F40A95D89}.Debug|x86.Build.0 = Debug|Any CPU
		{EAF19ED2-7510-4308-9B36-A15F40A95D89}.Release|Any CPU.ActiveCfg = Release|Any CPU
		{EAF19ED2-7510-4308-9B36-A15F40A95D89}.Release|Any CPU.Build.0 = Release|Any CPU
		{EAF19ED2-7510-4308-9B36-A15F40A95D89}.Release|x64.ActiveCfg = Release|Any CPU
		{EAF19ED2-7510-4308-9B36-A15F40A95D89}.Release|x64.Build.0 = Release|Any CPU
		{EAF19ED2-7510-4308-9B36-A15F40A95D89}.Release|x86.ActiveCfg = Release|Any CPU
		{EAF19ED2-7510-4308-9B36-A15F40A95D89}.Release|x86.Build.0 = Release|Any CPU
		{79A866DF-7933-4463-B78C-CAC4160EA9FA}.Debug|Any CPU.ActiveCfg = Debug|Any CPU
		{79A866DF-7933-4463-B78C-CAC4160EA9FA}.Debug|Any CPU.Build.0 = Debug|Any CPU
		{79A866DF-7933-4463-B78C-CAC4160EA9FA}.Debug|x64.ActiveCfg = Debug|Any CPU
		{79A866DF-7933-4463-B78C-CAC4160EA9FA}.Debug|x64.Build.0 = Debug|Any CPU
		{79A866DF-7933-4463-B78C-CAC4160EA9FA}.Debug|x86.ActiveCfg = Debug|Any CPU
		{79A866DF-7933-4463-B78C-CAC4160EA9FA}.Debug|x86.Build.0 = Debug|Any CPU
		{79A866DF-7933-4463-B78C-CAC4160EA9FA}.Release|Any CPU.ActiveCfg = Release|Any CPU
		{79A866DF-7933-4463-B78C-CAC4160EA9FA}.Release|Any CPU.Build.0 = Release|Any CPU
		{79A866DF-7933-4463-B78C-CAC4160EA9FA}.Release|x64.ActiveCfg = Release|Any CPU
		{79A866DF-7933-4463-B78C-CAC4160EA9FA}.Release|x64.Build.0 = Release|Any CPU
		{79A866DF-7933-4463-B78C-CAC4160EA9FA}.Release|x86.ActiveCfg = Release|Any CPU
		{79A866DF-7933-4463-B78C-CAC4160EA9FA}.Release|x86.Build.0 = Release|Any CPU
		{32FC2F29-F3AE-48B1-99B8-A7BC8B399DAD}.Debug|Any CPU.ActiveCfg = Debug|Any CPU
		{32FC2F29-F3AE-48B1-99B8-A7BC8B399DAD}.Debug|Any CPU.Build.0 = Debug|Any CPU
		{32FC2F29-F3AE-48B1-99B8-A7BC8B399DAD}.Debug|x64.ActiveCfg = Debug|Any CPU
		{32FC2F29-F3AE-48B1-99B8-A7BC8B399DAD}.Debug|x64.Build.0 = Debug|Any CPU
		{32FC2F29-F3AE-48B1-99B8-A7BC8B399DAD}.Debug|x86.ActiveCfg = Debug|Any CPU
		{32FC2F29-F3AE-48B1-99B8-A7BC8B399DAD}.Debug|x86.Build.0 = Debug|Any CPU
		{32FC2F29-F3AE-48B1-99B8-A7BC8B399DAD}.Release|Any CPU.ActiveCfg = Release|Any CPU
		{32FC2F29-F3AE-48B1-99B8-A7BC8B399DAD}.Release|Any CPU.Build.0 = Release|Any CPU
		{32FC2F29-F3AE-48B1-99B8-A7BC8B399DAD}.Release|x64.ActiveCfg = Release|Any CPU
		{32FC2F29-F3AE-48B1-99B8-A7BC8B399DAD}.Release|x64.Build.0 = Release|Any CPU
		{32FC2F29-F3AE-48B1-99B8-A7BC8B399DAD}.Release|x86.ActiveCfg = Release|Any CPU
		{32FC2F29-F3AE-48B1-99B8-A7BC8B399DAD}.Release|x86.Build.0 = Release|Any CPU
		{BF21487E-2F9E-41B7-BF15-5C7E44D381DF}.Debug|Any CPU.ActiveCfg = Debug|Any CPU
		{BF21487E-2F9E-41B7-BF15-5C7E44D381DF}.Debug|Any CPU.Build.0 = Debug|Any CPU
		{BF21487E-2F9E-41B7-BF15-5C7E44D381DF}.Debug|x64.ActiveCfg = Debug|Any CPU
		{BF21487E-2F9E-41B7-BF15-5C7E44D381DF}.Debug|x64.Build.0 = Debug|Any CPU
		{BF21487E-2F9E-41B7-BF15-5C7E44D381DF}.Debug|x86.ActiveCfg = Debug|Any CPU
		{BF21487E-2F9E-41B7-BF15-5C7E44D381DF}.Debug|x86.Build.0 = Debug|Any CPU
		{BF21487E-2F9E-41B7-BF15-5C7E44D381DF}.Release|Any CPU.ActiveCfg = Release|Any CPU
		{BF21487E-2F9E-41B7-BF15-5C7E44D381DF}.Release|Any CPU.Build.0 = Release|Any CPU
		{BF21487E-2F9E-41B7-BF15-5C7E44D381DF}.Release|x64.ActiveCfg = Release|Any CPU
		{BF21487E-2F9E-41B7-BF15-5C7E44D381DF}.Release|x64.Build.0 = Release|Any CPU
		{BF21487E-2F9E-41B7-BF15-5C7E44D381DF}.Release|x86.ActiveCfg = Release|Any CPU
		{BF21487E-2F9E-41B7-BF15-5C7E44D381DF}.Release|x86.Build.0 = Release|Any CPU
		{46AD4A8E-1D1B-4481-A22B-57E3464F3D12}.Debug|Any CPU.ActiveCfg = Debug|Any CPU
		{46AD4A8E-1D1B-4481-A22B-57E3464F3D12}.Debug|Any CPU.Build.0 = Debug|Any CPU
		{46AD4A8E-1D1B-4481-A22B-57E3464F3D12}.Debug|x64.ActiveCfg = Debug|Any CPU
		{46AD4A8E-1D1B-4481-A22B-57E3464F3D12}.Debug|x64.Build.0 = Debug|Any CPU
		{46AD4A8E-1D1B-4481-A22B-57E3464F3D12}.Debug|x86.ActiveCfg = Debug|Any CPU
		{46AD4A8E-1D1B-4481-A22B-57E3464F3D12}.Debug|x86.Build.0 = Debug|Any CPU
		{46AD4A8E-1D1B-4481-A22B-57E3464F3D12}.Release|Any CPU.ActiveCfg = Release|Any CPU
		{46AD4A8E-1D1B-4481-A22B-57E3464F3D12}.Release|Any CPU.Build.0 = Release|Any CPU
		{46AD4A8E-1D1B-4481-A22B-57E3464F3D12}.Release|x64.ActiveCfg = Release|Any CPU
		{46AD4A8E-1D1B-4481-A22B-57E3464F3D12}.Release|x64.Build.0 = Release|Any CPU
		{46AD4A8E-1D1B-4481-A22B-57E3464F3D12}.Release|x86.ActiveCfg = Release|Any CPU
		{46AD4A8E-1D1B-4481-A22B-57E3464F3D12}.Release|x86.Build.0 = Release|Any CPU
		{ECDEA68E-1171-4CF8-885D-28BC2FB7986A}.Debug|Any CPU.ActiveCfg = Debug|Any CPU
		{ECDEA68E-1171-4CF8-885D-28BC2FB7986A}.Debug|Any CPU.Build.0 = Debug|Any CPU
		{ECDEA68E-1171-4CF8-885D-28BC2FB7986A}.Debug|x64.ActiveCfg = Debug|Any CPU
		{ECDEA68E-1171-4CF8-885D-28BC2FB7986A}.Debug|x64.Build.0 = Debug|Any CPU
		{ECDEA68E-1171-4CF8-885D-28BC2FB7986A}.Debug|x86.ActiveCfg = Debug|Any CPU
		{ECDEA68E-1171-4CF8-885D-28BC2FB7986A}.Debug|x86.Build.0 = Debug|Any CPU
		{ECDEA68E-1171-4CF8-885D-28BC2FB7986A}.Release|Any CPU.ActiveCfg = Release|Any CPU
		{ECDEA68E-1171-4CF8-885D-28BC2FB7986A}.Release|Any CPU.Build.0 = Release|Any CPU
		{ECDEA68E-1171-4CF8-885D-28BC2FB7986A}.Release|x64.ActiveCfg = Release|Any CPU
		{ECDEA68E-1171-4CF8-885D-28BC2FB7986A}.Release|x64.Build.0 = Release|Any CPU
		{ECDEA68E-1171-4CF8-885D-28BC2FB7986A}.Release|x86.ActiveCfg = Release|Any CPU
		{ECDEA68E-1171-4CF8-885D-28BC2FB7986A}.Release|x86.Build.0 = Release|Any CPU
		{FF18FB70-10D3-4A1B-9D8C-9011E3E11F42}.Debug|Any CPU.ActiveCfg = Debug|Any CPU
		{FF18FB70-10D3-4A1B-9D8C-9011E3E11F42}.Debug|Any CPU.Build.0 = Debug|Any CPU
		{FF18FB70-10D3-4A1B-9D8C-9011E3E11F42}.Debug|x64.ActiveCfg = Debug|Any CPU
		{FF18FB70-10D3-4A1B-9D8C-9011E3E11F42}.Debug|x64.Build.0 = Debug|Any CPU
		{FF18FB70-10D3-4A1B-9D8C-9011E3E11F42}.Debug|x86.ActiveCfg = Debug|Any CPU
		{FF18FB70-10D3-4A1B-9D8C-9011E3E11F42}.Debug|x86.Build.0 = Debug|Any CPU
		{FF18FB70-10D3-4A1B-9D8C-9011E3E11F42}.Release|Any CPU.ActiveCfg = Release|Any CPU
		{FF18FB70-10D3-4A1B-9D8C-9011E3E11F42}.Release|Any CPU.Build.0 = Release|Any CPU
		{FF18FB70-10D3-4A1B-9D8C-9011E3E11F42}.Release|x64.ActiveCfg = Release|Any CPU
		{FF18FB70-10D3-4A1B-9D8C-9011E3E11F42}.Release|x64.Build.0 = Release|Any CPU
		{FF18FB70-10D3-4A1B-9D8C-9011E3E11F42}.Release|x86.ActiveCfg = Release|Any CPU
		{FF18FB70-10D3-4A1B-9D8C-9011E3E11F42}.Release|x86.Build.0 = Release|Any CPU
		{C4611262-0479-4985-BB7A-43892C62ABB7}.Debug|Any CPU.ActiveCfg = Debug|Any CPU
		{C4611262-0479-4985-BB7A-43892C62ABB7}.Debug|Any CPU.Build.0 = Debug|Any CPU
		{C4611262-0479-4985-BB7A-43892C62ABB7}.Debug|x64.ActiveCfg = Debug|Any CPU
		{C4611262-0479-4985-BB7A-43892C62ABB7}.Debug|x64.Build.0 = Debug|Any CPU
		{C4611262-0479-4985-BB7A-43892C62ABB7}.Debug|x86.ActiveCfg = Debug|Any CPU
		{C4611262-0479-4985-BB7A-43892C62ABB7}.Debug|x86.Build.0 = Debug|Any CPU
		{C4611262-0479-4985-BB7A-43892C62ABB7}.Release|Any CPU.ActiveCfg = Release|Any CPU
		{C4611262-0479-4985-BB7A-43892C62ABB7}.Release|Any CPU.Build.0 = Release|Any CPU
		{C4611262-0479-4985-BB7A-43892C62ABB7}.Release|x64.ActiveCfg = Release|Any CPU
		{C4611262-0479-4985-BB7A-43892C62ABB7}.Release|x64.Build.0 = Release|Any CPU
		{C4611262-0479-4985-BB7A-43892C62ABB7}.Release|x86.ActiveCfg = Release|Any CPU
		{C4611262-0479-4985-BB7A-43892C62ABB7}.Release|x86.Build.0 = Release|Any CPU
		{7F05D597-A31A-4944-83B7-606004C26C17}.Debug|Any CPU.ActiveCfg = Debug|Any CPU
		{7F05D597-A31A-4944-83B7-606004C26C17}.Debug|Any CPU.Build.0 = Debug|Any CPU
		{7F05D597-A31A-4944-83B7-606004C26C17}.Debug|x64.ActiveCfg = Debug|Any CPU
		{7F05D597-A31A-4944-83B7-606004C26C17}.Debug|x64.Build.0 = Debug|Any CPU
		{7F05D597-A31A-4944-83B7-606004C26C17}.Debug|x86.ActiveCfg = Debug|Any CPU
		{7F05D597-A31A-4944-83B7-606004C26C17}.Debug|x86.Build.0 = Debug|Any CPU
		{7F05D597-A31A-4944-83B7-606004C26C17}.Release|Any CPU.ActiveCfg = Release|Any CPU
		{7F05D597-A31A-4944-83B7-606004C26C17}.Release|Any CPU.Build.0 = Release|Any CPU
		{7F05D597-A31A-4944-83B7-606004C26C17}.Release|x64.ActiveCfg = Release|Any CPU
		{7F05D597-A31A-4944-83B7-606004C26C17}.Release|x64.Build.0 = Release|Any CPU
		{7F05D597-A31A-4944-83B7-606004C26C17}.Release|x86.ActiveCfg = Release|Any CPU
		{7F05D597-A31A-4944-83B7-606004C26C17}.Release|x86.Build.0 = Release|Any CPU
		{5AC3C93B-4D90-4186-8CC2-317E96CCBDFC}.Debug|Any CPU.ActiveCfg = Debug|Any CPU
		{5AC3C93B-4D90-4186-8CC2-317E96CCBDFC}.Debug|Any CPU.Build.0 = Debug|Any CPU
		{5AC3C93B-4D90-4186-8CC2-317E96CCBDFC}.Debug|x64.ActiveCfg = Debug|Any CPU
		{5AC3C93B-4D90-4186-8CC2-317E96CCBDFC}.Debug|x64.Build.0 = Debug|Any CPU
		{5AC3C93B-4D90-4186-8CC2-317E96CCBDFC}.Debug|x86.ActiveCfg = Debug|Any CPU
		{5AC3C93B-4D90-4186-8CC2-317E96CCBDFC}.Debug|x86.Build.0 = Debug|Any CPU
		{5AC3C93B-4D90-4186-8CC2-317E96CCBDFC}.Release|Any CPU.ActiveCfg = Release|Any CPU
		{5AC3C93B-4D90-4186-8CC2-317E96CCBDFC}.Release|Any CPU.Build.0 = Release|Any CPU
		{5AC3C93B-4D90-4186-8CC2-317E96CCBDFC}.Release|x64.ActiveCfg = Release|Any CPU
		{5AC3C93B-4D90-4186-8CC2-317E96CCBDFC}.Release|x64.Build.0 = Release|Any CPU
		{5AC3C93B-4D90-4186-8CC2-317E96CCBDFC}.Release|x86.ActiveCfg = Release|Any CPU
		{5AC3C93B-4D90-4186-8CC2-317E96CCBDFC}.Release|x86.Build.0 = Release|Any CPU
		{39385724-19FC-45B7-9280-B6C951B1CFDA}.Debug|Any CPU.ActiveCfg = Debug|Any CPU
		{39385724-19FC-45B7-9280-B6C951B1CFDA}.Debug|Any CPU.Build.0 = Debug|Any CPU
		{39385724-19FC-45B7-9280-B6C951B1CFDA}.Debug|x64.ActiveCfg = Debug|Any CPU
		{39385724-19FC-45B7-9280-B6C951B1CFDA}.Debug|x64.Build.0 = Debug|Any CPU
		{39385724-19FC-45B7-9280-B6C951B1CFDA}.Debug|x86.ActiveCfg = Debug|Any CPU
		{39385724-19FC-45B7-9280-B6C951B1CFDA}.Debug|x86.Build.0 = Debug|Any CPU
		{39385724-19FC-45B7-9280-B6C951B1CFDA}.Release|Any CPU.ActiveCfg = Release|Any CPU
		{39385724-19FC-45B7-9280-B6C951B1CFDA}.Release|Any CPU.Build.0 = Release|Any CPU
		{39385724-19FC-45B7-9280-B6C951B1CFDA}.Release|x64.ActiveCfg = Release|Any CPU
		{39385724-19FC-45B7-9280-B6C951B1CFDA}.Release|x64.Build.0 = Release|Any CPU
		{39385724-19FC-45B7-9280-B6C951B1CFDA}.Release|x86.ActiveCfg = Release|Any CPU
		{39385724-19FC-45B7-9280-B6C951B1CFDA}.Release|x86.Build.0 = Release|Any CPU
		{2698B0DF-ED0E-4F28-82A6-BEBC90DB1DC1}.Debug|Any CPU.ActiveCfg = Debug|Any CPU
		{2698B0DF-ED0E-4F28-82A6-BEBC90DB1DC1}.Debug|Any CPU.Build.0 = Debug|Any CPU
		{2698B0DF-ED0E-4F28-82A6-BEBC90DB1DC1}.Debug|x64.ActiveCfg = Debug|Any CPU
		{2698B0DF-ED0E-4F28-82A6-BEBC90DB1DC1}.Debug|x64.Build.0 = Debug|Any CPU
		{2698B0DF-ED0E-4F28-82A6-BEBC90DB1DC1}.Debug|x86.ActiveCfg = Debug|Any CPU
		{2698B0DF-ED0E-4F28-82A6-BEBC90DB1DC1}.Debug|x86.Build.0 = Debug|Any CPU
		{2698B0DF-ED0E-4F28-82A6-BEBC90DB1DC1}.Release|Any CPU.ActiveCfg = Release|Any CPU
		{2698B0DF-ED0E-4F28-82A6-BEBC90DB1DC1}.Release|Any CPU.Build.0 = Release|Any CPU
		{2698B0DF-ED0E-4F28-82A6-BEBC90DB1DC1}.Release|x64.ActiveCfg = Release|Any CPU
		{2698B0DF-ED0E-4F28-82A6-BEBC90DB1DC1}.Release|x64.Build.0 = Release|Any CPU
		{2698B0DF-ED0E-4F28-82A6-BEBC90DB1DC1}.Release|x86.ActiveCfg = Release|Any CPU
		{2698B0DF-ED0E-4F28-82A6-BEBC90DB1DC1}.Release|x86.Build.0 = Release|Any CPU
		{29F770E2-FFDE-4FE8-B61E-C576C9516A24}.Debug|Any CPU.ActiveCfg = Debug|Any CPU
		{29F770E2-FFDE-4FE8-B61E-C576C9516A24}.Debug|Any CPU.Build.0 = Debug|Any CPU
		{29F770E2-FFDE-4FE8-B61E-C576C9516A24}.Debug|x64.ActiveCfg = Debug|Any CPU
		{29F770E2-FFDE-4FE8-B61E-C576C9516A24}.Debug|x64.Build.0 = Debug|Any CPU
		{29F770E2-FFDE-4FE8-B61E-C576C9516A24}.Debug|x86.ActiveCfg = Debug|Any CPU
		{29F770E2-FFDE-4FE8-B61E-C576C9516A24}.Debug|x86.Build.0 = Debug|Any CPU
		{29F770E2-FFDE-4FE8-B61E-C576C9516A24}.Release|Any CPU.ActiveCfg = Release|Any CPU
		{29F770E2-FFDE-4FE8-B61E-C576C9516A24}.Release|Any CPU.Build.0 = Release|Any CPU
		{29F770E2-FFDE-4FE8-B61E-C576C9516A24}.Release|x64.ActiveCfg = Release|Any CPU
		{29F770E2-FFDE-4FE8-B61E-C576C9516A24}.Release|x64.Build.0 = Release|Any CPU
		{29F770E2-FFDE-4FE8-B61E-C576C9516A24}.Release|x86.ActiveCfg = Release|Any CPU
		{29F770E2-FFDE-4FE8-B61E-C576C9516A24}.Release|x86.Build.0 = Release|Any CPU
		{716FB4BF-193C-4042-A8A2-0016B9D98A73}.Debug|Any CPU.ActiveCfg = Debug|Any CPU
		{716FB4BF-193C-4042-A8A2-0016B9D98A73}.Debug|Any CPU.Build.0 = Debug|Any CPU
		{716FB4BF-193C-4042-A8A2-0016B9D98A73}.Debug|x64.ActiveCfg = Debug|Any CPU
		{716FB4BF-193C-4042-A8A2-0016B9D98A73}.Debug|x64.Build.0 = Debug|Any CPU
		{716FB4BF-193C-4042-A8A2-0016B9D98A73}.Debug|x86.ActiveCfg = Debug|Any CPU
		{716FB4BF-193C-4042-A8A2-0016B9D98A73}.Debug|x86.Build.0 = Debug|Any CPU
		{716FB4BF-193C-4042-A8A2-0016B9D98A73}.Release|Any CPU.ActiveCfg = Release|Any CPU
		{716FB4BF-193C-4042-A8A2-0016B9D98A73}.Release|Any CPU.Build.0 = Release|Any CPU
		{716FB4BF-193C-4042-A8A2-0016B9D98A73}.Release|x64.ActiveCfg = Release|Any CPU
		{716FB4BF-193C-4042-A8A2-0016B9D98A73}.Release|x64.Build.0 = Release|Any CPU
		{716FB4BF-193C-4042-A8A2-0016B9D98A73}.Release|x86.ActiveCfg = Release|Any CPU
		{716FB4BF-193C-4042-A8A2-0016B9D98A73}.Release|x86.Build.0 = Release|Any CPU
		{DB1192BE-D623-45E7-9C1B-14E557DE2E90}.Debug|Any CPU.ActiveCfg = Debug|Any CPU
		{DB1192BE-D623-45E7-9C1B-14E557DE2E90}.Debug|Any CPU.Build.0 = Debug|Any CPU
		{DB1192BE-D623-45E7-9C1B-14E557DE2E90}.Debug|x64.ActiveCfg = Debug|Any CPU
		{DB1192BE-D623-45E7-9C1B-14E557DE2E90}.Debug|x64.Build.0 = Debug|Any CPU
		{DB1192BE-D623-45E7-9C1B-14E557DE2E90}.Debug|x86.ActiveCfg = Debug|Any CPU
		{DB1192BE-D623-45E7-9C1B-14E557DE2E90}.Debug|x86.Build.0 = Debug|Any CPU
		{DB1192BE-D623-45E7-9C1B-14E557DE2E90}.Release|Any CPU.ActiveCfg = Release|Any CPU
		{DB1192BE-D623-45E7-9C1B-14E557DE2E90}.Release|Any CPU.Build.0 = Release|Any CPU
		{DB1192BE-D623-45E7-9C1B-14E557DE2E90}.Release|x64.ActiveCfg = Release|Any CPU
		{DB1192BE-D623-45E7-9C1B-14E557DE2E90}.Release|x64.Build.0 = Release|Any CPU
		{DB1192BE-D623-45E7-9C1B-14E557DE2E90}.Release|x86.ActiveCfg = Release|Any CPU
		{DB1192BE-D623-45E7-9C1B-14E557DE2E90}.Release|x86.Build.0 = Release|Any CPU
		{37F98893-D643-4F5D-BAEC-325A3079A105}.Debug|Any CPU.ActiveCfg = Debug|Any CPU
		{37F98893-D643-4F5D-BAEC-325A3079A105}.Debug|Any CPU.Build.0 = Debug|Any CPU
		{37F98893-D643-4F5D-BAEC-325A3079A105}.Debug|x64.ActiveCfg = Debug|Any CPU
		{37F98893-D643-4F5D-BAEC-325A3079A105}.Debug|x64.Build.0 = Debug|Any CPU
		{37F98893-D643-4F5D-BAEC-325A3079A105}.Debug|x86.ActiveCfg = Debug|Any CPU
		{37F98893-D643-4F5D-BAEC-325A3079A105}.Debug|x86.Build.0 = Debug|Any CPU
		{37F98893-D643-4F5D-BAEC-325A3079A105}.Release|Any CPU.ActiveCfg = Release|Any CPU
		{37F98893-D643-4F5D-BAEC-325A3079A105}.Release|Any CPU.Build.0 = Release|Any CPU
		{37F98893-D643-4F5D-BAEC-325A3079A105}.Release|x64.ActiveCfg = Release|Any CPU
		{37F98893-D643-4F5D-BAEC-325A3079A105}.Release|x64.Build.0 = Release|Any CPU
		{37F98893-D643-4F5D-BAEC-325A3079A105}.Release|x86.ActiveCfg = Release|Any CPU
		{37F98893-D643-4F5D-BAEC-325A3079A105}.Release|x86.Build.0 = Release|Any CPU
		{20CDEF50-9BF2-456D-A523-D441B30EA0CA}.Debug|Any CPU.ActiveCfg = Debug|Any CPU
		{20CDEF50-9BF2-456D-A523-D441B30EA0CA}.Debug|Any CPU.Build.0 = Debug|Any CPU
		{20CDEF50-9BF2-456D-A523-D441B30EA0CA}.Debug|x64.ActiveCfg = Debug|Any CPU
		{20CDEF50-9BF2-456D-A523-D441B30EA0CA}.Debug|x64.Build.0 = Debug|Any CPU
		{20CDEF50-9BF2-456D-A523-D441B30EA0CA}.Debug|x86.ActiveCfg = Debug|Any CPU
		{20CDEF50-9BF2-456D-A523-D441B30EA0CA}.Debug|x86.Build.0 = Debug|Any CPU
		{20CDEF50-9BF2-456D-A523-D441B30EA0CA}.Release|Any CPU.ActiveCfg = Release|Any CPU
		{20CDEF50-9BF2-456D-A523-D441B30EA0CA}.Release|Any CPU.Build.0 = Release|Any CPU
		{20CDEF50-9BF2-456D-A523-D441B30EA0CA}.Release|x64.ActiveCfg = Release|Any CPU
		{20CDEF50-9BF2-456D-A523-D441B30EA0CA}.Release|x64.Build.0 = Release|Any CPU
		{20CDEF50-9BF2-456D-A523-D441B30EA0CA}.Release|x86.ActiveCfg = Release|Any CPU
		{20CDEF50-9BF2-456D-A523-D441B30EA0CA}.Release|x86.Build.0 = Release|Any CPU
		{A2CDF09A-D1F9-42AF-AE9D-E97A090DD50A}.Debug|Any CPU.ActiveCfg = Debug|Any CPU
		{A2CDF09A-D1F9-42AF-AE9D-E97A090DD50A}.Debug|Any CPU.Build.0 = Debug|Any CPU
		{A2CDF09A-D1F9-42AF-AE9D-E97A090DD50A}.Debug|x64.ActiveCfg = Debug|Any CPU
		{A2CDF09A-D1F9-42AF-AE9D-E97A090DD50A}.Debug|x64.Build.0 = Debug|Any CPU
		{A2CDF09A-D1F9-42AF-AE9D-E97A090DD50A}.Debug|x86.ActiveCfg = Debug|Any CPU
		{A2CDF09A-D1F9-42AF-AE9D-E97A090DD50A}.Debug|x86.Build.0 = Debug|Any CPU
		{A2CDF09A-D1F9-42AF-AE9D-E97A090DD50A}.Release|Any CPU.ActiveCfg = Release|Any CPU
		{A2CDF09A-D1F9-42AF-AE9D-E97A090DD50A}.Release|Any CPU.Build.0 = Release|Any CPU
		{A2CDF09A-D1F9-42AF-AE9D-E97A090DD50A}.Release|x64.ActiveCfg = Release|Any CPU
		{A2CDF09A-D1F9-42AF-AE9D-E97A090DD50A}.Release|x64.Build.0 = Release|Any CPU
		{A2CDF09A-D1F9-42AF-AE9D-E97A090DD50A}.Release|x86.ActiveCfg = Release|Any CPU
		{A2CDF09A-D1F9-42AF-AE9D-E97A090DD50A}.Release|x86.Build.0 = Release|Any CPU
		{7F31AC8A-EC63-487F-A69B-1870F12E2CD4}.Debug|Any CPU.ActiveCfg = Debug|Any CPU
		{7F31AC8A-EC63-487F-A69B-1870F12E2CD4}.Debug|Any CPU.Build.0 = Debug|Any CPU
		{7F31AC8A-EC63-487F-A69B-1870F12E2CD4}.Debug|x64.ActiveCfg = Debug|Any CPU
		{7F31AC8A-EC63-487F-A69B-1870F12E2CD4}.Debug|x64.Build.0 = Debug|Any CPU
		{7F31AC8A-EC63-487F-A69B-1870F12E2CD4}.Debug|x86.ActiveCfg = Debug|Any CPU
		{7F31AC8A-EC63-487F-A69B-1870F12E2CD4}.Debug|x86.Build.0 = Debug|Any CPU
		{7F31AC8A-EC63-487F-A69B-1870F12E2CD4}.Release|Any CPU.ActiveCfg = Release|Any CPU
		{7F31AC8A-EC63-487F-A69B-1870F12E2CD4}.Release|Any CPU.Build.0 = Release|Any CPU
		{7F31AC8A-EC63-487F-A69B-1870F12E2CD4}.Release|x64.ActiveCfg = Release|Any CPU
		{7F31AC8A-EC63-487F-A69B-1870F12E2CD4}.Release|x64.Build.0 = Release|Any CPU
		{7F31AC8A-EC63-487F-A69B-1870F12E2CD4}.Release|x86.ActiveCfg = Release|Any CPU
		{7F31AC8A-EC63-487F-A69B-1870F12E2CD4}.Release|x86.Build.0 = Release|Any CPU
		{BB084B49-AE0B-4E9D-B8C9-56397C6F0A63}.Debug|Any CPU.ActiveCfg = Debug|Any CPU
		{BB084B49-AE0B-4E9D-B8C9-56397C6F0A63}.Debug|Any CPU.Build.0 = Debug|Any CPU
		{BB084B49-AE0B-4E9D-B8C9-56397C6F0A63}.Debug|x64.ActiveCfg = Debug|Any CPU
		{BB084B49-AE0B-4E9D-B8C9-56397C6F0A63}.Debug|x64.Build.0 = Debug|Any CPU
		{BB084B49-AE0B-4E9D-B8C9-56397C6F0A63}.Debug|x86.ActiveCfg = Debug|Any CPU
		{BB084B49-AE0B-4E9D-B8C9-56397C6F0A63}.Debug|x86.Build.0 = Debug|Any CPU
		{BB084B49-AE0B-4E9D-B8C9-56397C6F0A63}.Release|Any CPU.ActiveCfg = Release|Any CPU
		{BB084B49-AE0B-4E9D-B8C9-56397C6F0A63}.Release|Any CPU.Build.0 = Release|Any CPU
		{BB084B49-AE0B-4E9D-B8C9-56397C6F0A63}.Release|x64.ActiveCfg = Release|Any CPU
		{BB084B49-AE0B-4E9D-B8C9-56397C6F0A63}.Release|x64.Build.0 = Release|Any CPU
		{BB084B49-AE0B-4E9D-B8C9-56397C6F0A63}.Release|x86.ActiveCfg = Release|Any CPU
		{BB084B49-AE0B-4E9D-B8C9-56397C6F0A63}.Release|x86.Build.0 = Release|Any CPU
		{542C78C2-9FF5-4967-B62B-A8E9314A87F9}.Debug|Any CPU.ActiveCfg = Debug|Any CPU
		{542C78C2-9FF5-4967-B62B-A8E9314A87F9}.Debug|Any CPU.Build.0 = Debug|Any CPU
		{542C78C2-9FF5-4967-B62B-A8E9314A87F9}.Debug|x64.ActiveCfg = Debug|Any CPU
		{542C78C2-9FF5-4967-B62B-A8E9314A87F9}.Debug|x64.Build.0 = Debug|Any CPU
		{542C78C2-9FF5-4967-B62B-A8E9314A87F9}.Debug|x86.ActiveCfg = Debug|Any CPU
		{542C78C2-9FF5-4967-B62B-A8E9314A87F9}.Debug|x86.Build.0 = Debug|Any CPU
		{542C78C2-9FF5-4967-B62B-A8E9314A87F9}.Release|Any CPU.ActiveCfg = Release|Any CPU
		{542C78C2-9FF5-4967-B62B-A8E9314A87F9}.Release|Any CPU.Build.0 = Release|Any CPU
		{542C78C2-9FF5-4967-B62B-A8E9314A87F9}.Release|x64.ActiveCfg = Release|Any CPU
		{542C78C2-9FF5-4967-B62B-A8E9314A87F9}.Release|x64.Build.0 = Release|Any CPU
		{542C78C2-9FF5-4967-B62B-A8E9314A87F9}.Release|x86.ActiveCfg = Release|Any CPU
		{542C78C2-9FF5-4967-B62B-A8E9314A87F9}.Release|x86.Build.0 = Release|Any CPU
		{6315BFCD-35C3-45CB-8AE5-BF7C64CA0E86}.Debug|Any CPU.ActiveCfg = Debug|Any CPU
		{6315BFCD-35C3-45CB-8AE5-BF7C64CA0E86}.Debug|Any CPU.Build.0 = Debug|Any CPU
		{6315BFCD-35C3-45CB-8AE5-BF7C64CA0E86}.Debug|x64.ActiveCfg = Debug|Any CPU
		{6315BFCD-35C3-45CB-8AE5-BF7C64CA0E86}.Debug|x64.Build.0 = Debug|Any CPU
		{6315BFCD-35C3-45CB-8AE5-BF7C64CA0E86}.Debug|x86.ActiveCfg = Debug|Any CPU
		{6315BFCD-35C3-45CB-8AE5-BF7C64CA0E86}.Debug|x86.Build.0 = Debug|Any CPU
		{6315BFCD-35C3-45CB-8AE5-BF7C64CA0E86}.Release|Any CPU.ActiveCfg = Release|Any CPU
		{6315BFCD-35C3-45CB-8AE5-BF7C64CA0E86}.Release|Any CPU.Build.0 = Release|Any CPU
		{6315BFCD-35C3-45CB-8AE5-BF7C64CA0E86}.Release|x64.ActiveCfg = Release|Any CPU
		{6315BFCD-35C3-45CB-8AE5-BF7C64CA0E86}.Release|x64.Build.0 = Release|Any CPU
		{6315BFCD-35C3-45CB-8AE5-BF7C64CA0E86}.Release|x86.ActiveCfg = Release|Any CPU
		{6315BFCD-35C3-45CB-8AE5-BF7C64CA0E86}.Release|x86.Build.0 = Release|Any CPU
		{9AB057C2-C0B2-4E9A-A027-4B6498F66EAA}.Debug|Any CPU.ActiveCfg = Debug|Any CPU
		{9AB057C2-C0B2-4E9A-A027-4B6498F66EAA}.Debug|Any CPU.Build.0 = Debug|Any CPU
		{9AB057C2-C0B2-4E9A-A027-4B6498F66EAA}.Debug|x64.ActiveCfg = Debug|Any CPU
		{9AB057C2-C0B2-4E9A-A027-4B6498F66EAA}.Debug|x64.Build.0 = Debug|Any CPU
		{9AB057C2-C0B2-4E9A-A027-4B6498F66EAA}.Debug|x86.ActiveCfg = Debug|Any CPU
		{9AB057C2-C0B2-4E9A-A027-4B6498F66EAA}.Debug|x86.Build.0 = Debug|Any CPU
		{9AB057C2-C0B2-4E9A-A027-4B6498F66EAA}.Release|Any CPU.ActiveCfg = Release|Any CPU
		{9AB057C2-C0B2-4E9A-A027-4B6498F66EAA}.Release|Any CPU.Build.0 = Release|Any CPU
		{9AB057C2-C0B2-4E9A-A027-4B6498F66EAA}.Release|x64.ActiveCfg = Release|Any CPU
		{9AB057C2-C0B2-4E9A-A027-4B6498F66EAA}.Release|x64.Build.0 = Release|Any CPU
		{9AB057C2-C0B2-4E9A-A027-4B6498F66EAA}.Release|x86.ActiveCfg = Release|Any CPU
		{9AB057C2-C0B2-4E9A-A027-4B6498F66EAA}.Release|x86.Build.0 = Release|Any CPU
		{44B51ED2-224A-4F85-9ABC-4562F00515BF}.Debug|Any CPU.ActiveCfg = Debug|Any CPU
		{44B51ED2-224A-4F85-9ABC-4562F00515BF}.Debug|Any CPU.Build.0 = Debug|Any CPU
		{44B51ED2-224A-4F85-9ABC-4562F00515BF}.Debug|x64.ActiveCfg = Debug|Any CPU
		{44B51ED2-224A-4F85-9ABC-4562F00515BF}.Debug|x64.Build.0 = Debug|Any CPU
		{44B51ED2-224A-4F85-9ABC-4562F00515BF}.Debug|x86.ActiveCfg = Debug|Any CPU
		{44B51ED2-224A-4F85-9ABC-4562F00515BF}.Debug|x86.Build.0 = Debug|Any CPU
		{44B51ED2-224A-4F85-9ABC-4562F00515BF}.Release|Any CPU.ActiveCfg = Release|Any CPU
		{44B51ED2-224A-4F85-9ABC-4562F00515BF}.Release|Any CPU.Build.0 = Release|Any CPU
		{44B51ED2-224A-4F85-9ABC-4562F00515BF}.Release|x64.ActiveCfg = Release|Any CPU
		{44B51ED2-224A-4F85-9ABC-4562F00515BF}.Release|x64.Build.0 = Release|Any CPU
		{44B51ED2-224A-4F85-9ABC-4562F00515BF}.Release|x86.ActiveCfg = Release|Any CPU
		{44B51ED2-224A-4F85-9ABC-4562F00515BF}.Release|x86.Build.0 = Release|Any CPU
		{44C0A6ED-9C4F-4BB5-9474-8750C63823FD}.Debug|Any CPU.ActiveCfg = Debug|Any CPU
		{44C0A6ED-9C4F-4BB5-9474-8750C63823FD}.Debug|Any CPU.Build.0 = Debug|Any CPU
		{44C0A6ED-9C4F-4BB5-9474-8750C63823FD}.Debug|x64.ActiveCfg = Debug|Any CPU
		{44C0A6ED-9C4F-4BB5-9474-8750C63823FD}.Debug|x64.Build.0 = Debug|Any CPU
		{44C0A6ED-9C4F-4BB5-9474-8750C63823FD}.Debug|x86.ActiveCfg = Debug|Any CPU
		{44C0A6ED-9C4F-4BB5-9474-8750C63823FD}.Debug|x86.Build.0 = Debug|Any CPU
		{44C0A6ED-9C4F-4BB5-9474-8750C63823FD}.Release|Any CPU.ActiveCfg = Release|Any CPU
		{44C0A6ED-9C4F-4BB5-9474-8750C63823FD}.Release|Any CPU.Build.0 = Release|Any CPU
		{44C0A6ED-9C4F-4BB5-9474-8750C63823FD}.Release|x64.ActiveCfg = Release|Any CPU
		{44C0A6ED-9C4F-4BB5-9474-8750C63823FD}.Release|x64.Build.0 = Release|Any CPU
		{44C0A6ED-9C4F-4BB5-9474-8750C63823FD}.Release|x86.ActiveCfg = Release|Any CPU
		{44C0A6ED-9C4F-4BB5-9474-8750C63823FD}.Release|x86.Build.0 = Release|Any CPU
		{A633EE5A-3ABE-448C-A9DE-212DCC23B8A9}.Debug|Any CPU.ActiveCfg = Debug|Any CPU
		{A633EE5A-3ABE-448C-A9DE-212DCC23B8A9}.Debug|Any CPU.Build.0 = Debug|Any CPU
		{A633EE5A-3ABE-448C-A9DE-212DCC23B8A9}.Debug|x64.ActiveCfg = Debug|Any CPU
		{A633EE5A-3ABE-448C-A9DE-212DCC23B8A9}.Debug|x64.Build.0 = Debug|Any CPU
		{A633EE5A-3ABE-448C-A9DE-212DCC23B8A9}.Debug|x86.ActiveCfg = Debug|Any CPU
		{A633EE5A-3ABE-448C-A9DE-212DCC23B8A9}.Debug|x86.Build.0 = Debug|Any CPU
		{A633EE5A-3ABE-448C-A9DE-212DCC23B8A9}.Release|Any CPU.ActiveCfg = Release|Any CPU
		{A633EE5A-3ABE-448C-A9DE-212DCC23B8A9}.Release|Any CPU.Build.0 = Release|Any CPU
		{A633EE5A-3ABE-448C-A9DE-212DCC23B8A9}.Release|x64.ActiveCfg = Release|Any CPU
		{A633EE5A-3ABE-448C-A9DE-212DCC23B8A9}.Release|x64.Build.0 = Release|Any CPU
		{A633EE5A-3ABE-448C-A9DE-212DCC23B8A9}.Release|x86.ActiveCfg = Release|Any CPU
		{A633EE5A-3ABE-448C-A9DE-212DCC23B8A9}.Release|x86.Build.0 = Release|Any CPU
		{9CD0FC03-33E8-4AE1-AFD9-A4C7B51F76B6}.Debug|Any CPU.ActiveCfg = Debug|Any CPU
		{9CD0FC03-33E8-4AE1-AFD9-A4C7B51F76B6}.Debug|Any CPU.Build.0 = Debug|Any CPU
		{9CD0FC03-33E8-4AE1-AFD9-A4C7B51F76B6}.Debug|x64.ActiveCfg = Debug|Any CPU
		{9CD0FC03-33E8-4AE1-AFD9-A4C7B51F76B6}.Debug|x64.Build.0 = Debug|Any CPU
		{9CD0FC03-33E8-4AE1-AFD9-A4C7B51F76B6}.Debug|x86.ActiveCfg = Debug|Any CPU
		{9CD0FC03-33E8-4AE1-AFD9-A4C7B51F76B6}.Debug|x86.Build.0 = Debug|Any CPU
		{9CD0FC03-33E8-4AE1-AFD9-A4C7B51F76B6}.Release|Any CPU.ActiveCfg = Release|Any CPU
		{9CD0FC03-33E8-4AE1-AFD9-A4C7B51F76B6}.Release|Any CPU.Build.0 = Release|Any CPU
		{9CD0FC03-33E8-4AE1-AFD9-A4C7B51F76B6}.Release|x64.ActiveCfg = Release|Any CPU
		{9CD0FC03-33E8-4AE1-AFD9-A4C7B51F76B6}.Release|x64.Build.0 = Release|Any CPU
		{9CD0FC03-33E8-4AE1-AFD9-A4C7B51F76B6}.Release|x86.ActiveCfg = Release|Any CPU
		{9CD0FC03-33E8-4AE1-AFD9-A4C7B51F76B6}.Release|x86.Build.0 = Release|Any CPU
		{171D2FD4-8C3E-40B1-8D98-C32C8A11C250}.Debug|Any CPU.ActiveCfg = Debug|Any CPU
		{171D2FD4-8C3E-40B1-8D98-C32C8A11C250}.Debug|Any CPU.Build.0 = Debug|Any CPU
		{171D2FD4-8C3E-40B1-8D98-C32C8A11C250}.Debug|x64.ActiveCfg = Debug|Any CPU
		{171D2FD4-8C3E-40B1-8D98-C32C8A11C250}.Debug|x64.Build.0 = Debug|Any CPU
		{171D2FD4-8C3E-40B1-8D98-C32C8A11C250}.Debug|x86.ActiveCfg = Debug|Any CPU
		{171D2FD4-8C3E-40B1-8D98-C32C8A11C250}.Debug|x86.Build.0 = Debug|Any CPU
		{171D2FD4-8C3E-40B1-8D98-C32C8A11C250}.Release|Any CPU.ActiveCfg = Release|Any CPU
		{171D2FD4-8C3E-40B1-8D98-C32C8A11C250}.Release|Any CPU.Build.0 = Release|Any CPU
		{171D2FD4-8C3E-40B1-8D98-C32C8A11C250}.Release|x64.ActiveCfg = Release|Any CPU
		{171D2FD4-8C3E-40B1-8D98-C32C8A11C250}.Release|x64.Build.0 = Release|Any CPU
		{171D2FD4-8C3E-40B1-8D98-C32C8A11C250}.Release|x86.ActiveCfg = Release|Any CPU
		{171D2FD4-8C3E-40B1-8D98-C32C8A11C250}.Release|x86.Build.0 = Release|Any CPU
		{917C8096-7D9D-4A1F-8E3B-E3D944D02AE4}.Debug|Any CPU.ActiveCfg = Debug|Any CPU
		{917C8096-7D9D-4A1F-8E3B-E3D944D02AE4}.Debug|Any CPU.Build.0 = Debug|Any CPU
		{917C8096-7D9D-4A1F-8E3B-E3D944D02AE4}.Debug|x64.ActiveCfg = Debug|Any CPU
		{917C8096-7D9D-4A1F-8E3B-E3D944D02AE4}.Debug|x64.Build.0 = Debug|Any CPU
		{917C8096-7D9D-4A1F-8E3B-E3D944D02AE4}.Debug|x86.ActiveCfg = Debug|Any CPU
		{917C8096-7D9D-4A1F-8E3B-E3D944D02AE4}.Debug|x86.Build.0 = Debug|Any CPU
		{917C8096-7D9D-4A1F-8E3B-E3D944D02AE4}.Release|Any CPU.ActiveCfg = Release|Any CPU
		{917C8096-7D9D-4A1F-8E3B-E3D944D02AE4}.Release|Any CPU.Build.0 = Release|Any CPU
		{917C8096-7D9D-4A1F-8E3B-E3D944D02AE4}.Release|x64.ActiveCfg = Release|Any CPU
		{917C8096-7D9D-4A1F-8E3B-E3D944D02AE4}.Release|x64.Build.0 = Release|Any CPU
		{917C8096-7D9D-4A1F-8E3B-E3D944D02AE4}.Release|x86.ActiveCfg = Release|Any CPU
		{917C8096-7D9D-4A1F-8E3B-E3D944D02AE4}.Release|x86.Build.0 = Release|Any CPU
		{61D73973-5E65-4B4A-8135-CD8A09727C16}.Debug|Any CPU.ActiveCfg = Debug|Any CPU
		{61D73973-5E65-4B4A-8135-CD8A09727C16}.Debug|Any CPU.Build.0 = Debug|Any CPU
		{61D73973-5E65-4B4A-8135-CD8A09727C16}.Debug|x64.ActiveCfg = Debug|Any CPU
		{61D73973-5E65-4B4A-8135-CD8A09727C16}.Debug|x64.Build.0 = Debug|Any CPU
		{61D73973-5E65-4B4A-8135-CD8A09727C16}.Debug|x86.ActiveCfg = Debug|Any CPU
		{61D73973-5E65-4B4A-8135-CD8A09727C16}.Debug|x86.Build.0 = Debug|Any CPU
		{61D73973-5E65-4B4A-8135-CD8A09727C16}.Release|Any CPU.ActiveCfg = Release|Any CPU
		{61D73973-5E65-4B4A-8135-CD8A09727C16}.Release|Any CPU.Build.0 = Release|Any CPU
		{61D73973-5E65-4B4A-8135-CD8A09727C16}.Release|x64.ActiveCfg = Release|Any CPU
		{61D73973-5E65-4B4A-8135-CD8A09727C16}.Release|x64.Build.0 = Release|Any CPU
		{61D73973-5E65-4B4A-8135-CD8A09727C16}.Release|x86.ActiveCfg = Release|Any CPU
		{61D73973-5E65-4B4A-8135-CD8A09727C16}.Release|x86.Build.0 = Release|Any CPU
		{F5EA9606-0B18-4B8F-A932-3BD9F2DF59B1}.Debug|Any CPU.ActiveCfg = Debug|Any CPU
		{F5EA9606-0B18-4B8F-A932-3BD9F2DF59B1}.Debug|Any CPU.Build.0 = Debug|Any CPU
		{F5EA9606-0B18-4B8F-A932-3BD9F2DF59B1}.Debug|x64.ActiveCfg = Debug|Any CPU
		{F5EA9606-0B18-4B8F-A932-3BD9F2DF59B1}.Debug|x64.Build.0 = Debug|Any CPU
		{F5EA9606-0B18-4B8F-A932-3BD9F2DF59B1}.Debug|x86.ActiveCfg = Debug|Any CPU
		{F5EA9606-0B18-4B8F-A932-3BD9F2DF59B1}.Debug|x86.Build.0 = Debug|Any CPU
		{F5EA9606-0B18-4B8F-A932-3BD9F2DF59B1}.Release|Any CPU.ActiveCfg = Release|Any CPU
		{F5EA9606-0B18-4B8F-A932-3BD9F2DF59B1}.Release|Any CPU.Build.0 = Release|Any CPU
		{F5EA9606-0B18-4B8F-A932-3BD9F2DF59B1}.Release|x64.ActiveCfg = Release|Any CPU
		{F5EA9606-0B18-4B8F-A932-3BD9F2DF59B1}.Release|x64.Build.0 = Release|Any CPU
		{F5EA9606-0B18-4B8F-A932-3BD9F2DF59B1}.Release|x86.ActiveCfg = Release|Any CPU
		{F5EA9606-0B18-4B8F-A932-3BD9F2DF59B1}.Release|x86.Build.0 = Release|Any CPU
		{364A519F-96FB-4114-A807-9E430D71230A}.Debug|Any CPU.ActiveCfg = Debug|Any CPU
		{364A519F-96FB-4114-A807-9E430D71230A}.Debug|Any CPU.Build.0 = Debug|Any CPU
		{364A519F-96FB-4114-A807-9E430D71230A}.Debug|x64.ActiveCfg = Debug|Any CPU
		{364A519F-96FB-4114-A807-9E430D71230A}.Debug|x64.Build.0 = Debug|Any CPU
		{364A519F-96FB-4114-A807-9E430D71230A}.Debug|x86.ActiveCfg = Debug|Any CPU
		{364A519F-96FB-4114-A807-9E430D71230A}.Debug|x86.Build.0 = Debug|Any CPU
		{364A519F-96FB-4114-A807-9E430D71230A}.Release|Any CPU.ActiveCfg = Release|Any CPU
		{364A519F-96FB-4114-A807-9E430D71230A}.Release|Any CPU.Build.0 = Release|Any CPU
		{364A519F-96FB-4114-A807-9E430D71230A}.Release|x64.ActiveCfg = Release|Any CPU
		{364A519F-96FB-4114-A807-9E430D71230A}.Release|x64.Build.0 = Release|Any CPU
		{364A519F-96FB-4114-A807-9E430D71230A}.Release|x86.ActiveCfg = Release|Any CPU
		{364A519F-96FB-4114-A807-9E430D71230A}.Release|x86.Build.0 = Release|Any CPU
		{F99A0B38-119E-42E3-8712-AEB577AAE4AC}.Debug|Any CPU.ActiveCfg = Debug|Any CPU
		{F99A0B38-119E-42E3-8712-AEB577AAE4AC}.Debug|Any CPU.Build.0 = Debug|Any CPU
		{F99A0B38-119E-42E3-8712-AEB577AAE4AC}.Debug|x64.ActiveCfg = Debug|Any CPU
		{F99A0B38-119E-42E3-8712-AEB577AAE4AC}.Debug|x64.Build.0 = Debug|Any CPU
		{F99A0B38-119E-42E3-8712-AEB577AAE4AC}.Debug|x86.ActiveCfg = Debug|Any CPU
		{F99A0B38-119E-42E3-8712-AEB577AAE4AC}.Debug|x86.Build.0 = Debug|Any CPU
		{F99A0B38-119E-42E3-8712-AEB577AAE4AC}.Release|Any CPU.ActiveCfg = Release|Any CPU
		{F99A0B38-119E-42E3-8712-AEB577AAE4AC}.Release|Any CPU.Build.0 = Release|Any CPU
		{F99A0B38-119E-42E3-8712-AEB577AAE4AC}.Release|x64.ActiveCfg = Release|Any CPU
		{F99A0B38-119E-42E3-8712-AEB577AAE4AC}.Release|x64.Build.0 = Release|Any CPU
		{F99A0B38-119E-42E3-8712-AEB577AAE4AC}.Release|x86.ActiveCfg = Release|Any CPU
		{F99A0B38-119E-42E3-8712-AEB577AAE4AC}.Release|x86.Build.0 = Release|Any CPU
		{848EA26D-5C98-44EE-812B-4CB623BF2B51}.Debug|Any CPU.ActiveCfg = Debug|Any CPU
		{848EA26D-5C98-44EE-812B-4CB623BF2B51}.Debug|Any CPU.Build.0 = Debug|Any CPU
		{848EA26D-5C98-44EE-812B-4CB623BF2B51}.Debug|x64.ActiveCfg = Debug|Any CPU
		{848EA26D-5C98-44EE-812B-4CB623BF2B51}.Debug|x64.Build.0 = Debug|Any CPU
		{848EA26D-5C98-44EE-812B-4CB623BF2B51}.Debug|x86.ActiveCfg = Debug|Any CPU
		{848EA26D-5C98-44EE-812B-4CB623BF2B51}.Debug|x86.Build.0 = Debug|Any CPU
		{848EA26D-5C98-44EE-812B-4CB623BF2B51}.Release|Any CPU.ActiveCfg = Release|Any CPU
		{848EA26D-5C98-44EE-812B-4CB623BF2B51}.Release|Any CPU.Build.0 = Release|Any CPU
		{848EA26D-5C98-44EE-812B-4CB623BF2B51}.Release|x64.ActiveCfg = Release|Any CPU
		{848EA26D-5C98-44EE-812B-4CB623BF2B51}.Release|x64.Build.0 = Release|Any CPU
		{848EA26D-5C98-44EE-812B-4CB623BF2B51}.Release|x86.ActiveCfg = Release|Any CPU
		{848EA26D-5C98-44EE-812B-4CB623BF2B51}.Release|x86.Build.0 = Release|Any CPU
		{E4721CF5-167E-4791-8939-047841FE8EA5}.Debug|Any CPU.ActiveCfg = Debug|Any CPU
		{E4721CF5-167E-4791-8939-047841FE8EA5}.Debug|Any CPU.Build.0 = Debug|Any CPU
		{E4721CF5-167E-4791-8939-047841FE8EA5}.Debug|x64.ActiveCfg = Debug|Any CPU
		{E4721CF5-167E-4791-8939-047841FE8EA5}.Debug|x64.Build.0 = Debug|Any CPU
		{E4721CF5-167E-4791-8939-047841FE8EA5}.Debug|x86.ActiveCfg = Debug|Any CPU
		{E4721CF5-167E-4791-8939-047841FE8EA5}.Debug|x86.Build.0 = Debug|Any CPU
		{E4721CF5-167E-4791-8939-047841FE8EA5}.Release|Any CPU.ActiveCfg = Release|Any CPU
		{E4721CF5-167E-4791-8939-047841FE8EA5}.Release|Any CPU.Build.0 = Release|Any CPU
		{E4721CF5-167E-4791-8939-047841FE8EA5}.Release|x64.ActiveCfg = Release|Any CPU
		{E4721CF5-167E-4791-8939-047841FE8EA5}.Release|x64.Build.0 = Release|Any CPU
		{E4721CF5-167E-4791-8939-047841FE8EA5}.Release|x86.ActiveCfg = Release|Any CPU
		{E4721CF5-167E-4791-8939-047841FE8EA5}.Release|x86.Build.0 = Release|Any CPU
		{497DB0A5-42E2-4CC8-B922-A6FF0E3EE6D4}.Debug|Any CPU.ActiveCfg = Debug|Any CPU
		{497DB0A5-42E2-4CC8-B922-A6FF0E3EE6D4}.Debug|Any CPU.Build.0 = Debug|Any CPU
		{497DB0A5-42E2-4CC8-B922-A6FF0E3EE6D4}.Debug|x64.ActiveCfg = Debug|Any CPU
		{497DB0A5-42E2-4CC8-B922-A6FF0E3EE6D4}.Debug|x64.Build.0 = Debug|Any CPU
		{497DB0A5-42E2-4CC8-B922-A6FF0E3EE6D4}.Debug|x86.ActiveCfg = Debug|Any CPU
		{497DB0A5-42E2-4CC8-B922-A6FF0E3EE6D4}.Debug|x86.Build.0 = Debug|Any CPU
		{497DB0A5-42E2-4CC8-B922-A6FF0E3EE6D4}.Release|Any CPU.ActiveCfg = Release|Any CPU
		{497DB0A5-42E2-4CC8-B922-A6FF0E3EE6D4}.Release|Any CPU.Build.0 = Release|Any CPU
		{497DB0A5-42E2-4CC8-B922-A6FF0E3EE6D4}.Release|x64.ActiveCfg = Release|Any CPU
		{497DB0A5-42E2-4CC8-B922-A6FF0E3EE6D4}.Release|x64.Build.0 = Release|Any CPU
		{497DB0A5-42E2-4CC8-B922-A6FF0E3EE6D4}.Release|x86.ActiveCfg = Release|Any CPU
		{497DB0A5-42E2-4CC8-B922-A6FF0E3EE6D4}.Release|x86.Build.0 = Release|Any CPU
		{7304B353-A248-4A31-8ACF-4AABDC54985F}.Debug|Any CPU.ActiveCfg = Debug|Any CPU
		{7304B353-A248-4A31-8ACF-4AABDC54985F}.Debug|Any CPU.Build.0 = Debug|Any CPU
		{7304B353-A248-4A31-8ACF-4AABDC54985F}.Debug|x64.ActiveCfg = Debug|Any CPU
		{7304B353-A248-4A31-8ACF-4AABDC54985F}.Debug|x64.Build.0 = Debug|Any CPU
		{7304B353-A248-4A31-8ACF-4AABDC54985F}.Debug|x86.ActiveCfg = Debug|Any CPU
		{7304B353-A248-4A31-8ACF-4AABDC54985F}.Debug|x86.Build.0 = Debug|Any CPU
		{7304B353-A248-4A31-8ACF-4AABDC54985F}.Release|Any CPU.ActiveCfg = Release|Any CPU
		{7304B353-A248-4A31-8ACF-4AABDC54985F}.Release|Any CPU.Build.0 = Release|Any CPU
		{7304B353-A248-4A31-8ACF-4AABDC54985F}.Release|x64.ActiveCfg = Release|Any CPU
		{7304B353-A248-4A31-8ACF-4AABDC54985F}.Release|x64.Build.0 = Release|Any CPU
		{7304B353-A248-4A31-8ACF-4AABDC54985F}.Release|x86.ActiveCfg = Release|Any CPU
		{7304B353-A248-4A31-8ACF-4AABDC54985F}.Release|x86.Build.0 = Release|Any CPU
	EndGlobalSection
	GlobalSection(SolutionProperties) = preSolution
		HideSolutionNode = FALSE
	EndGlobalSection
	GlobalSection(NestedProjects) = preSolution
		{EA34EAA3-1319-61EE-61A0-DEA68DFE8677} = {827E0CD3-B72D-47B6-A68D-7590B98EB39B}
		{CABABDE8-DB4E-4D02-A468-124C8E7E6A66} = {EA34EAA3-1319-61EE-61A0-DEA68DFE8677}
		{32C05375-04E3-B56E-4B57-527092BBB32D} = {0AB3BF05-4346-4AA6-1389-037BE0695223}
		{1456AF29-D51A-48D2-AFE0-B24B9AE7DB8E} = {32C05375-04E3-B56E-4B57-527092BBB32D}
		{816D80D4-FBC6-4096-BA08-9B2944613B44} = {EA34EAA3-1319-61EE-61A0-DEA68DFE8677}
		{5C6CC8D5-3885-4F5A-B203-CA941B93DC1E} = {32C05375-04E3-B56E-4B57-527092BBB32D}
		{17F689AD-FC1F-4E24-BCA0-F267AE5C53DB} = {EA34EAA3-1319-61EE-61A0-DEA68DFE8677}
		{6E517A7F-AAA5-4D44-B15D-262DB4C438FE} = {32C05375-04E3-B56E-4B57-527092BBB32D}
		{EAF19ED2-7510-4308-9B36-A15F40A95D89} = {EA34EAA3-1319-61EE-61A0-DEA68DFE8677}
		{79A866DF-7933-4463-B78C-CAC4160EA9FA} = {32C05375-04E3-B56E-4B57-527092BBB32D}
		{32FC2F29-F3AE-48B1-99B8-A7BC8B399DAD} = {EA34EAA3-1319-61EE-61A0-DEA68DFE8677}
		{BF21487E-2F9E-41B7-BF15-5C7E44D381DF} = {32C05375-04E3-B56E-4B57-527092BBB32D}
		{46AD4A8E-1D1B-4481-A22B-57E3464F3D12} = {EA34EAA3-1319-61EE-61A0-DEA68DFE8677}
		{ECDEA68E-1171-4CF8-885D-28BC2FB7986A} = {32C05375-04E3-B56E-4B57-527092BBB32D}
		{FF18FB70-10D3-4A1B-9D8C-9011E3E11F42} = {EA34EAA3-1319-61EE-61A0-DEA68DFE8677}
		{C4611262-0479-4985-BB7A-43892C62ABB7} = {32C05375-04E3-B56E-4B57-527092BBB32D}
		{65ABFB5D-2B10-DF64-BF12-C17976F8E5D9} = {827E0CD3-B72D-47B6-A68D-7590B98EB39B}
		{7F05D597-A31A-4944-83B7-606004C26C17} = {65ABFB5D-2B10-DF64-BF12-C17976F8E5D9}
		{391CE2F5-AE47-7A9A-F474-4847BE99435E} = {0AB3BF05-4346-4AA6-1389-037BE0695223}
		{5AC3C93B-4D90-4186-8CC2-317E96CCBDFC} = {391CE2F5-AE47-7A9A-F474-4847BE99435E}
		{39385724-19FC-45B7-9280-B6C951B1CFDA} = {65ABFB5D-2B10-DF64-BF12-C17976F8E5D9}
		{2698B0DF-ED0E-4F28-82A6-BEBC90DB1DC1} = {391CE2F5-AE47-7A9A-F474-4847BE99435E}
		{29F770E2-FFDE-4FE8-B61E-C576C9516A24} = {65ABFB5D-2B10-DF64-BF12-C17976F8E5D9}
		{716FB4BF-193C-4042-A8A2-0016B9D98A73} = {391CE2F5-AE47-7A9A-F474-4847BE99435E}
		{DB1192BE-D623-45E7-9C1B-14E557DE2E90} = {65ABFB5D-2B10-DF64-BF12-C17976F8E5D9}
		{37F98893-D643-4F5D-BAEC-325A3079A105} = {391CE2F5-AE47-7A9A-F474-4847BE99435E}
		{20CDEF50-9BF2-456D-A523-D441B30EA0CA} = {65ABFB5D-2B10-DF64-BF12-C17976F8E5D9}
		{A2CDF09A-D1F9-42AF-AE9D-E97A090DD50A} = {391CE2F5-AE47-7A9A-F474-4847BE99435E}
		{7F31AC8A-EC63-487F-A69B-1870F12E2CD4} = {65ABFB5D-2B10-DF64-BF12-C17976F8E5D9}
		{BB084B49-AE0B-4E9D-B8C9-56397C6F0A63} = {391CE2F5-AE47-7A9A-F474-4847BE99435E}
		{542C78C2-9FF5-4967-B62B-A8E9314A87F9} = {65ABFB5D-2B10-DF64-BF12-C17976F8E5D9}
		{6315BFCD-35C3-45CB-8AE5-BF7C64CA0E86} = {391CE2F5-AE47-7A9A-F474-4847BE99435E}
		{9AB057C2-C0B2-4E9A-A027-4B6498F66EAA} = {32C05375-04E3-B56E-4B57-527092BBB32D}
		{44B51ED2-224A-4F85-9ABC-4562F00515BF} = {391CE2F5-AE47-7A9A-F474-4847BE99435E}
		{44C0A6ED-9C4F-4BB5-9474-8750C63823FD} = {827E0CD3-B72D-47B6-A68D-7590B98EB39B}
		{75A6480C-84DC-2A85-DA3C-882CA7014C23} = {0AB3BF05-4346-4AA6-1389-037BE0695223}
		{A633EE5A-3ABE-448C-A9DE-212DCC23B8A9} = {75A6480C-84DC-2A85-DA3C-882CA7014C23}
		{9CD0FC03-33E8-4AE1-AFD9-A4C7B51F76B6} = {75A6480C-84DC-2A85-DA3C-882CA7014C23}
		{BFF2DF6E-AA54-47C7-211F-79ACCBB4577C} = {827E0CD3-B72D-47B6-A68D-7590B98EB39B}
		{D1076A8B-A35F-13E5-6100-1F9621328DB0} = {BFF2DF6E-AA54-47C7-211F-79ACCBB4577C}
		{171D2FD4-8C3E-40B1-8D98-C32C8A11C250} = {D1076A8B-A35F-13E5-6100-1F9621328DB0}
		{917C8096-7D9D-4A1F-8E3B-E3D944D02AE4} = {D1076A8B-A35F-13E5-6100-1F9621328DB0}
		{E20385C6-4CD7-5BF4-C007-71E5EE00BC8D} = {0AB3BF05-4346-4AA6-1389-037BE0695223}
		{398AF948-3C77-A00B-6B91-520D4224599D} = {E20385C6-4CD7-5BF4-C007-71E5EE00BC8D}
		{61D73973-5E65-4B4A-8135-CD8A09727C16} = {398AF948-3C77-A00B-6B91-520D4224599D}
		{F5EA9606-0B18-4B8F-A932-3BD9F2DF59B1} = {398AF948-3C77-A00B-6B91-520D4224599D}
		{DDDA8038-505C-6FE8-1B51-0C0B8ABA118A} = {BFF2DF6E-AA54-47C7-211F-79ACCBB4577C}
		{364A519F-96FB-4114-A807-9E430D71230A} = {DDDA8038-505C-6FE8-1B51-0C0B8ABA118A}
		{B9A4A0C8-58EA-7518-88AD-A703119AC915} = {E20385C6-4CD7-5BF4-C007-71E5EE00BC8D}
		{F99A0B38-119E-42E3-8712-AEB577AAE4AC} = {B9A4A0C8-58EA-7518-88AD-A703119AC915}
		{848EA26D-5C98-44EE-812B-4CB623BF2B51} = {B9A4A0C8-58EA-7518-88AD-A703119AC915}
		{2B337015-A363-9F0B-4644-8F76361DBB28} = {BFF2DF6E-AA54-47C7-211F-79ACCBB4577C}
		{E4721CF5-167E-4791-8939-047841FE8EA5} = {2B337015-A363-9F0B-4644-8F76361DBB28}
		{497DB0A5-42E2-4CC8-B922-A6FF0E3EE6D4} = {2B337015-A363-9F0B-4644-8F76361DBB28}
		{7304B353-A248-4A31-8ACF-4AABDC54985F} = {2B337015-A363-9F0B-4644-8F76361DBB28}
	EndGlobalSection
	GlobalSection(ExtensibilityGlobals) = postSolution
		SolutionGuid = {8879873B-6B33-4722-B779-E38E472CF27D}
	EndGlobalSection
EndGlobal
